
Microsoft Visual Studio Solution File, Format Version 12.00
# Visual Studio 2013
VisualStudioVersion = 12.0.31101.0
MinimumVisualStudioVersion = 10.0.40219.1
Project("{FAE04EC0-301F-11D3-BF4B-00C04F79EFBC}") = "ChatBot", "ChatBot\ChatBot.csproj", "{BD642DB8-CE0A-43A5-8245-B4D650962D23}"
EndProject
Global
	GlobalSection(SolutionConfigurationPlatforms) = preSolution
		Debug|Any CPU = Debug|Any CPU
		Release|Any CPU = Release|Any CPU
		Retail|Any CPU = Retail|Any CPU
	EndGlobalSection
	GlobalSection(ProjectConfigurationPlatforms) = postSolution
		{BD642DB8-CE0A-43A5-8245-B4D650962D23}.Debug|Any CPU.ActiveCfg = Debug|Any CPU
		{BD642DB8-CE0A-43A5-8245-B4D650962D23}.Debug|Any CPU.Build.0 = Debug|Any CPU
		{BD642DB8-CE0A-43A5-8245-B4D650962D23}.Release|Any CPU.ActiveCfg = Release|Any CPU
		{BD642DB8-CE0A-43A5-8245-B4D650962D23}.Release|Any CPU.Build.0 = Release|Any CPU
		{BD642DB8-CE0A-43A5-8245-B4D650962D23}.Retail|Any CPU.ActiveCfg = Retail|Any CPU
		{BD642DB8-CE0A-43A5-8245-B4D650962D23}.Retail|Any CPU.Build.0 = Retail|Any CPU
	EndGlobalSection
	GlobalSection(SolutionProperties) = preSolution
		HideSolutionNode = FALSE
	EndGlobalSection
EndGlobal
